
Microsoft Visual Studio Solution File, Format Version 12.00
# Visual Studio Version 16
VisualStudioVersion = 16.0.29806.167
MinimumVisualStudioVersion = 10.0.40219.1
Project("{9A19103F-16F7-4668-BE54-9A1E7A4F7556}") = "Hazelcast.Net.Tests", "Hazelcast.Net.Tests\Hazelcast.Net.Tests.csproj", "{C28F0950-963B-4C2B-B6F3-EDE222FA7863}"
EndProject
Project("{9A19103F-16F7-4668-BE54-9A1E7A4F7556}") = "Hazelcast.Net.Benchmarks", "Hazelcast.Net.Benchmarks\Hazelcast.Net.Benchmarks.csproj", "{96D8AFF5-1DE2-49B5-9AA1-EC3638E5DD0E}"
EndProject
Project("{9A19103F-16F7-4668-BE54-9A1E7A4F7556}") = "Hazelcast.Net", "Hazelcast.Net\Hazelcast.Net.csproj", "{0FFB1214-5F8E-46AC-A3A1-F299D6024D8A}"
EndProject
Project("{9A19103F-16F7-4668-BE54-9A1E7A4F7556}") = "Hazelcast.Net.Testing", "Hazelcast.Net.Testing\Hazelcast.Net.Testing.csproj", "{E2C1EA65-5600-4793-BB28-27DC975E1EF0}"
EndProject
Project("{2150E333-8FDC-42A3-9474-1A3956D46DE8}") = "Solution Items", "Solution Items", "{FD4710D4-ECC2-452E-A7C6-0320AFAFF124}"
	ProjectSection(SolutionItems) = preProject
		Directory.Build.props = Directory.Build.props
	EndProjectSection
EndProject
Project("{9A19103F-16F7-4668-BE54-9A1E7A4F7556}") = "Hazelcast.Net.Examples", "Hazelcast.Net.Examples\Hazelcast.Net.Examples.csproj", "{44933339-75E4-46D0-8688-6687D112E6C9}"
EndProject
Project("{9A19103F-16F7-4668-BE54-9A1E7A4F7556}") = "Hazelcast.Net.DependencyInjection", "Hazelcast.Net.DependencyInjection\Hazelcast.Net.DependencyInjection.csproj", "{4CABE35C-8941-43B4-AED8-2ADB6334469D}"
EndProject
Project("{FAE04EC0-301F-11D3-BF4B-00C04F79EFBC}") = "Hazelcast.Net.JetBrainsAnnotations", "Hazelcast.Net.JetBrainsAnnotations\Hazelcast.Net.JetBrainsAnnotations.csproj", "{8516E872-D7ED-4FD8-BBF6-9002B2329E86}"
EndProject
Global
	GlobalSection(SolutionConfigurationPlatforms) = preSolution
		Debug|Any CPU = Debug|Any CPU
		Release|Any CPU = Release|Any CPU
	EndGlobalSection
	GlobalSection(ProjectConfigurationPlatforms) = postSolution
		{C28F0950-963B-4C2B-B6F3-EDE222FA7863}.Debug|Any CPU.ActiveCfg = Debug|Any CPU
		{C28F0950-963B-4C2B-B6F3-EDE222FA7863}.Debug|Any CPU.Build.0 = Debug|Any CPU
		{C28F0950-963B-4C2B-B6F3-EDE222FA7863}.Release|Any CPU.ActiveCfg = Release|Any CPU
		{C28F0950-963B-4C2B-B6F3-EDE222FA7863}.Release|Any CPU.Build.0 = Release|Any CPU
		{96D8AFF5-1DE2-49B5-9AA1-EC3638E5DD0E}.Debug|Any CPU.ActiveCfg = Debug|Any CPU
		{96D8AFF5-1DE2-49B5-9AA1-EC3638E5DD0E}.Debug|Any CPU.Build.0 = Debug|Any CPU
		{96D8AFF5-1DE2-49B5-9AA1-EC3638E5DD0E}.Release|Any CPU.ActiveCfg = Release|Any CPU
		{96D8AFF5-1DE2-49B5-9AA1-EC3638E5DD0E}.Release|Any CPU.Build.0 = Release|Any CPU
		{0FFB1214-5F8E-46AC-A3A1-F299D6024D8A}.Debug|Any CPU.ActiveCfg = Debug|Any CPU
		{0FFB1214-5F8E-46AC-A3A1-F299D6024D8A}.Debug|Any CPU.Build.0 = Debug|Any CPU
		{0FFB1214-5F8E-46AC-A3A1-F299D6024D8A}.Release|Any CPU.ActiveCfg = Release|Any CPU
		{0FFB1214-5F8E-46AC-A3A1-F299D6024D8A}.Release|Any CPU.Build.0 = Release|Any CPU
		{E2C1EA65-5600-4793-BB28-27DC975E1EF0}.Debug|Any CPU.ActiveCfg = Debug|Any CPU
		{E2C1EA65-5600-4793-BB28-27DC975E1EF0}.Debug|Any CPU.Build.0 = Debug|Any CPU
		{E2C1EA65-5600-4793-BB28-27DC975E1EF0}.Release|Any CPU.ActiveCfg = Release|Any CPU
		{E2C1EA65-5600-4793-BB28-27DC975E1EF0}.Release|Any CPU.Build.0 = Release|Any CPU
		{44933339-75E4-46D0-8688-6687D112E6C9}.Debug|Any CPU.ActiveCfg = Debug|Any CPU
		{44933339-75E4-46D0-8688-6687D112E6C9}.Debug|Any CPU.Build.0 = Debug|Any CPU
		{44933339-75E4-46D0-8688-6687D112E6C9}.Release|Any CPU.ActiveCfg = Release|Any CPU
		{44933339-75E4-46D0-8688-6687D112E6C9}.Release|Any CPU.Build.0 = Release|Any CPU
		{4CABE35C-8941-43B4-AED8-2ADB6334469D}.Debug|Any CPU.ActiveCfg = Debug|Any CPU
		{4CABE35C-8941-43B4-AED8-2ADB6334469D}.Debug|Any CPU.Build.0 = Debug|Any CPU
		{4CABE35C-8941-43B4-AED8-2ADB6334469D}.Release|Any CPU.ActiveCfg = Release|Any CPU
		{4CABE35C-8941-43B4-AED8-2ADB6334469D}.Release|Any CPU.Build.0 = Release|Any CPU
		{8516E872-D7ED-4FD8-BBF6-9002B2329E86}.Debug|Any CPU.ActiveCfg = Debug|Any CPU
		{8516E872-D7ED-4FD8-BBF6-9002B2329E86}.Debug|Any CPU.Build.0 = Debug|Any CPU
		{8516E872-D7ED-4FD8-BBF6-9002B2329E86}.Release|Any CPU.ActiveCfg = Release|Any CPU
		{8516E872-D7ED-4FD8-BBF6-9002B2329E86}.Release|Any CPU.Build.0 = Release|Any CPU
	EndGlobalSection
	GlobalSection(SolutionProperties) = preSolution
		HideSolutionNode = FALSE
	EndGlobalSection
	GlobalSection(ExtensibilityGlobals) = postSolution
		SolutionGuid = {F18DBBE5-FCEE-4B50-AF9E-D01D5B871564}
	EndGlobalSection
EndGlobal
