
Microsoft Visual Studio Solution File, Format Version 12.00
# Visual Studio 2013
VisualStudioVersion = 12.0.21005.1
MinimumVisualStudioVersion = 10.0.40219.1
Project("{FAE04EC0-301F-11D3-BF4B-00C04F79EFBC}") = "Hazelcast.Net", "Hazelcast.Net\Hazelcast.Net.csproj", "{CD084DC3-3FD9-4BC2-B9A2-66711F2B3F61}"
EndProject
Project("{FAE04EC0-301F-11D3-BF4B-00C04F79EFBC}") = "Hazelcast.Test", "Hazelcast.Test\Hazelcast.Test.csproj", "{05C74A19-7374-4E72-B118-E41876C75120}"
EndProject
Project("{2150E333-8FDC-42A3-9474-1A3956D46DE8}") = ".build", ".build", "{142ACAD4-B3DA-4726-8FFB-89A34A4A3481}"
	ProjectSection(SolutionItems) = preProject
		Build.proj = Build.proj
		.build\MSBuild.Community.Tasks.dll = .build\MSBuild.Community.Tasks.dll
		.build\MSBuild.Community.Tasks.targets = .build\MSBuild.Community.Tasks.targets
	EndProjectSection
EndProject
Global
	GlobalSection(SolutionConfigurationPlatforms) = preSolution
		Debug|Any CPU = Debug|Any CPU
		Debug|Mixed Platforms = Debug|Mixed Platforms
		Debug|x64 = Debug|x64
		Debug|x86 = Debug|x86
		Release|Any CPU = Release|Any CPU
		Release|Mixed Platforms = Release|Mixed Platforms
		Release|x64 = Release|x64
		Release|x86 = Release|x86
	EndGlobalSection
	GlobalSection(ProjectConfigurationPlatforms) = postSolution
		{CD084DC3-3FD9-4BC2-B9A2-66711F2B3F61}.Debug|Any CPU.ActiveCfg = Debug|Any CPU
		{CD084DC3-3FD9-4BC2-B9A2-66711F2B3F61}.Debug|Any CPU.Build.0 = Debug|Any CPU
		{CD084DC3-3FD9-4BC2-B9A2-66711F2B3F61}.Debug|Any CPU.Deploy.0 = Debug|Any CPU
		{CD084DC3-3FD9-4BC2-B9A2-66711F2B3F61}.Debug|Mixed Platforms.ActiveCfg = Release|Any CPU
		{CD084DC3-3FD9-4BC2-B9A2-66711F2B3F61}.Debug|Mixed Platforms.Deploy.0 = Release|Any CPU
		{CD084DC3-3FD9-4BC2-B9A2-66711F2B3F61}.Debug|x64.ActiveCfg = Debug|Any CPU
		{CD084DC3-3FD9-4BC2-B9A2-66711F2B3F61}.Debug|x86.ActiveCfg = Debug|Any CPU
		{CD084DC3-3FD9-4BC2-B9A2-66711F2B3F61}.Debug|x86.Build.0 = Debug|Any CPU
		{CD084DC3-3FD9-4BC2-B9A2-66711F2B3F61}.Release|Any CPU.ActiveCfg = Release|Any CPU
		{CD084DC3-3FD9-4BC2-B9A2-66711F2B3F61}.Release|Any CPU.Build.0 = Release|Any CPU
		{CD084DC3-3FD9-4BC2-B9A2-66711F2B3F61}.Release|Mixed Platforms.ActiveCfg = Release|Any CPU
		{CD084DC3-3FD9-4BC2-B9A2-66711F2B3F61}.Release|Mixed Platforms.Build.0 = Release|Any CPU
		{CD084DC3-3FD9-4BC2-B9A2-66711F2B3F61}.Release|x64.ActiveCfg = Release|Any CPU
		{CD084DC3-3FD9-4BC2-B9A2-66711F2B3F61}.Release|x86.ActiveCfg = Release|Any CPU
		{05C74A19-7374-4E72-B118-E41876C75120}.Debug|Any CPU.ActiveCfg = Debug|Any CPU
		{05C74A19-7374-4E72-B118-E41876C75120}.Debug|Any CPU.Build.0 = Debug|Any CPU
		{05C74A19-7374-4E72-B118-E41876C75120}.Debug|Mixed Platforms.ActiveCfg = Debug|Any CPU
		{05C74A19-7374-4E72-B118-E41876C75120}.Debug|x64.ActiveCfg = Debug|Any CPU
		{05C74A19-7374-4E72-B118-E41876C75120}.Debug|x86.ActiveCfg = Debug|Any CPU
		{05C74A19-7374-4E72-B118-E41876C75120}.Debug|x86.Build.0 = Debug|Any CPU
		{05C74A19-7374-4E72-B118-E41876C75120}.Release|Any CPU.ActiveCfg = Release|Any CPU
		{05C74A19-7374-4E72-B118-E41876C75120}.Release|Any CPU.Build.0 = Release|Any CPU
		{05C74A19-7374-4E72-B118-E41876C75120}.Release|Mixed Platforms.ActiveCfg = Release|Any CPU
		{05C74A19-7374-4E72-B118-E41876C75120}.Release|Mixed Platforms.Build.0 = Release|Any CPU
		{05C74A19-7374-4E72-B118-E41876C75120}.Release|x64.ActiveCfg = Release|Any CPU
		{05C74A19-7374-4E72-B118-E41876C75120}.Release|x86.ActiveCfg = Release|Any CPU
		{05C74A19-7374-4E72-B118-E41876C75120}.Release|x86.Build.0 = Release|Any CPU
	EndGlobalSection
	GlobalSection(SolutionProperties) = preSolution
		HideSolutionNode = FALSE
	EndGlobalSection
EndGlobal
