
Microsoft Visual Studio Solution File, Format Version 12.00
# Visual Studio Version 17
VisualStudioVersion = 17.4.32804.182
MinimumVisualStudioVersion = 10.0.40219.1
Project("{9A19103F-16F7-4668-BE54-9A1E7A4F7556}") = "Hazelcast.Net.Tests", "src\Hazelcast.Net.Tests\Hazelcast.Net.Tests.csproj", "{C28F0950-963B-4C2B-B6F3-EDE222FA7863}"
EndProject
Project("{9A19103F-16F7-4668-BE54-9A1E7A4F7556}") = "Hazelcast.Net.Benchmarks", "src\Hazelcast.Net.Benchmarks\Hazelcast.Net.Benchmarks.csproj", "{96D8AFF5-1DE2-49B5-9AA1-EC3638E5DD0E}"
EndProject
Project("{9A19103F-16F7-4668-BE54-9A1E7A4F7556}") = "Hazelcast.Net", "src\Hazelcast.Net\Hazelcast.Net.csproj", "{0FFB1214-5F8E-46AC-A3A1-F299D6024D8A}"
EndProject
Project("{9A19103F-16F7-4668-BE54-9A1E7A4F7556}") = "Hazelcast.Net.Testing", "src\Hazelcast.Net.Testing\Hazelcast.Net.Testing.csproj", "{E2C1EA65-5600-4793-BB28-27DC975E1EF0}"
EndProject
Project("{2150E333-8FDC-42A3-9474-1A3956D46DE8}") = "Solution Items", "Solution Items", "{FD4710D4-ECC2-452E-A7C6-0320AFAFF124}"
	ProjectSection(SolutionItems) = preProject
		.editorconfig = .editorconfig
		LICENSE = LICENSE
		README.md = README.md
	EndProjectSection
EndProject
Project("{9A19103F-16F7-4668-BE54-9A1E7A4F7556}") = "Hazelcast.Net.Examples", "src\Hazelcast.Net.Examples\Hazelcast.Net.Examples.csproj", "{44933339-75E4-46D0-8688-6687D112E6C9}"
EndProject
Project("{9A19103F-16F7-4668-BE54-9A1E7A4F7556}") = "Hazelcast.Net.DependencyInjection", "src\Hazelcast.Net.DependencyInjection\Hazelcast.Net.DependencyInjection.csproj", "{4CABE35C-8941-43B4-AED8-2ADB6334469D}"
EndProject
Project("{9A19103F-16F7-4668-BE54-9A1E7A4F7556}") = "Hazelcast.Net.JetBrainsAnnotations", "src\Hazelcast.Net.JetBrainsAnnotations\Hazelcast.Net.JetBrainsAnnotations.csproj", "{8516E872-D7ED-4FD8-BBF6-9002B2329E86}"
EndProject
Project("{2150E333-8FDC-42A3-9474-1A3956D46DE8}") = "build", "build", "{25300DF5-472C-4D9B-898A-820577F2F9C7}"
	ProjectSection(SolutionItems) = preProject
		build\build.proj = build\build.proj
		build\AnalysisRules.props = build\AnalysisRules.props
		build\certs-root-ca.conf = build\certs-root-ca.conf
		build\certs-sub-ca.conf = build\certs-sub-ca.conf
		build\certs.ps1 = build\certs.ps1
		src\Directory.Build.props = src\Directory.Build.props
		src\Directory.Build.targets = src\Directory.Build.targets
		hz.ps1 = hz.ps1
		hz.sh = hz.sh
		build\utils.ps1 = build\utils.ps1
	EndProjectSection
EndProject
Project("{9A19103F-16F7-4668-BE54-9A1E7A4F7556}") = "Hazelcast.Net.Win32", "src\Hazelcast.Net.Win32\Hazelcast.Net.Win32.csproj", "{7E3B8518-73DB-471A-B624-B2FD6D8CCB61}"
EndProject
Project("{9A19103F-16F7-4668-BE54-9A1E7A4F7556}") = "Hazelcast.Net.DocAsCode", "src\Hazelcast.Net.DocAsCode\Hazelcast.Net.DocAsCode.csproj", "{FE505BEF-9319-4F93-A9D2-16CB721DBE44}"
EndProject
Project("{2150E333-8FDC-42A3-9474-1A3956D46DE8}") = "doc", "doc", "{D974DFA3-D12C-4D97-9886-43A94FDA79D1}"
	ProjectSection(SolutionItems) = preProject
		doc\_docfx.json = doc\_docfx.json
	EndProjectSection
EndProject
Project("{2150E333-8FDC-42A3-9474-1A3956D46DE8}") = "github", "github", "{0C348BC9-F8B2-4AEE-A32C-6E68CDD120C1}"
	ProjectSection(SolutionItems) = preProject
		.github\actions.txt = .github\actions.txt
		.github\workflows.txt = .github\workflows.txt
	EndProjectSection
EndProject
Project("{2150E333-8FDC-42A3-9474-1A3956D46DE8}") = "workflows", "workflows", "{B5D6257C-DD75-4E7E-A779-EC9152AA6B28}"
	ProjectSection(SolutionItems) = preProject
		.github\workflows\assign-milestones.js = .github\workflows\assign-milestones.js
		.github\workflows\assign-milestones.yml = .github\workflows\assign-milestones.yml
		.github\workflows\build-branch.yml = .github\workflows\build-branch.yml
		.github\workflows\build-and-test.yml = .github\workflows\build-and-test.yml
		.github\workflows\build-release.yml = .github\workflows\build-release.yml
		.github\workflows\build-guest-pr.yml = .github\workflows\build-guest-pr.yml
		.github\workflows\build-pr.yml = .github\workflows\build-pr.yml
		.github\workflows\create-checks.yml = .github\workflows\create-checks.yml
		.github\workflows\get-frameworks.yml = .github\workflows\get-frameworks.yml
		.github\workflows\jira-label.yml = .github\workflows\jira-label.yml
		.github\workflows\release-scripts.js = .github\workflows\release-scripts.js
		.github\workflows\trigger-release.yml = .github\workflows\trigger-release.yml
		.github\workflows\report-guest-pr.yml = .github\workflows\report-guest-pr.yml
	EndProjectSection
EndProject
Project("{2150E333-8FDC-42A3-9474-1A3956D46DE8}") = "actions", "actions", "{48E8586E-CD6C-43B8-B353-0B3F3BDCDDCA}"
EndProject
Project("{2150E333-8FDC-42A3-9474-1A3956D46DE8}") = "hz", "hz", "{EC9DC3B3-C54D-4055-A553-63E757DF3E39}"
	ProjectSection(SolutionItems) = preProject
		.github\actions\hz\action.yml = .github\actions\hz\action.yml
		.github\actions\hz\Dockerfile = .github\actions\hz\Dockerfile
		.github\actions\hz\entrypoint.sh = .github\actions\hz\entrypoint.sh
	EndProjectSection
EndProject
Project("{2150E333-8FDC-42A3-9474-1A3956D46DE8}") = "dotcover-report", "dotcover-report", "{3C970CF6-DF19-4FD0-9BE3-F63EE72AC4CC}"
	ProjectSection(SolutionItems) = preProject
		.github\actions\dotcover-report\action.yml = .github\actions\dotcover-report\action.yml
		.github\actions\dotcover-report\index.js = .github\actions\dotcover-report\index.js
		.github\actions\dotcover-report\package.json = .github\actions\dotcover-report\package.json
		.github\actions\dotcover-report\README.md = .github\actions\dotcover-report\README.md
	EndProjectSection
EndProject
Project("{2150E333-8FDC-42A3-9474-1A3956D46DE8}") = "test-membership", "test-membership", "{295E2764-401E-4604-8C2E-E20B99171705}"
	ProjectSection(SolutionItems) = preProject
		.github\actions\test-membership\action.yml = .github\actions\test-membership\action.yml
	EndProjectSection
EndProject
Project("{2150E333-8FDC-42A3-9474-1A3956D46DE8}") = "install", "install", "{7A5DDB5C-A126-4A4E-914E-87E7E54941DB}"
	ProjectSection(SolutionItems) = preProject
		.github\actions\install\action.yml = .github\actions\install\action.yml
	EndProjectSection
EndProject
Project("{FAE04EC0-301F-11D3-BF4B-00C04F79EFBC}") = "Hazelcast.Net.Linq.Async", "src\Hazelcast.Net.Linq.Async\Hazelcast.Net.Linq.Async.csproj", "{1E7F4AE0-25A0-4C8C-9C0C-4C89DCB193F5}"
EndProject
Project("{FAE04EC0-301F-11D3-BF4B-00C04F79EFBC}") = "Hazelcast.Net.Caching", "src\Hazelcast.Net.Caching\Hazelcast.Net.Caching.csproj", "{21FAFF1E-B0D6-46E0-8EE3-1D7D1C67CBC8}"
EndProject
Project("{9A19103F-16F7-4668-BE54-9A1E7A4F7556}") = "Hazelcast.Net.CodeGenerator", "src\Hazelcast.Net.CodeGenerator\Hazelcast.Net.CodeGenerator.csproj", "{91211959-EC26-4FC9-84A8-E8C924300BF7}"
EndProject
Global
	GlobalSection(SolutionConfigurationPlatforms) = preSolution
		Debug|Any CPU = Debug|Any CPU
		Release|Any CPU = Release|Any CPU
	EndGlobalSection
	GlobalSection(ProjectConfigurationPlatforms) = postSolution
		{C28F0950-963B-4C2B-B6F3-EDE222FA7863}.Debug|Any CPU.ActiveCfg = Debug|Any CPU
		{C28F0950-963B-4C2B-B6F3-EDE222FA7863}.Debug|Any CPU.Build.0 = Debug|Any CPU
		{C28F0950-963B-4C2B-B6F3-EDE222FA7863}.Release|Any CPU.ActiveCfg = Release|Any CPU
		{C28F0950-963B-4C2B-B6F3-EDE222FA7863}.Release|Any CPU.Build.0 = Release|Any CPU
		{96D8AFF5-1DE2-49B5-9AA1-EC3638E5DD0E}.Debug|Any CPU.ActiveCfg = Debug|Any CPU
		{96D8AFF5-1DE2-49B5-9AA1-EC3638E5DD0E}.Debug|Any CPU.Build.0 = Debug|Any CPU
		{96D8AFF5-1DE2-49B5-9AA1-EC3638E5DD0E}.Release|Any CPU.ActiveCfg = Release|Any CPU
		{96D8AFF5-1DE2-49B5-9AA1-EC3638E5DD0E}.Release|Any CPU.Build.0 = Release|Any CPU
		{0FFB1214-5F8E-46AC-A3A1-F299D6024D8A}.Debug|Any CPU.ActiveCfg = Debug|Any CPU
		{0FFB1214-5F8E-46AC-A3A1-F299D6024D8A}.Debug|Any CPU.Build.0 = Debug|Any CPU
		{0FFB1214-5F8E-46AC-A3A1-F299D6024D8A}.Release|Any CPU.ActiveCfg = Release|Any CPU
		{0FFB1214-5F8E-46AC-A3A1-F299D6024D8A}.Release|Any CPU.Build.0 = Release|Any CPU
		{E2C1EA65-5600-4793-BB28-27DC975E1EF0}.Debug|Any CPU.ActiveCfg = Debug|Any CPU
		{E2C1EA65-5600-4793-BB28-27DC975E1EF0}.Debug|Any CPU.Build.0 = Debug|Any CPU
		{E2C1EA65-5600-4793-BB28-27DC975E1EF0}.Release|Any CPU.ActiveCfg = Release|Any CPU
		{E2C1EA65-5600-4793-BB28-27DC975E1EF0}.Release|Any CPU.Build.0 = Release|Any CPU
		{44933339-75E4-46D0-8688-6687D112E6C9}.Debug|Any CPU.ActiveCfg = Debug|Any CPU
		{44933339-75E4-46D0-8688-6687D112E6C9}.Debug|Any CPU.Build.0 = Debug|Any CPU
		{44933339-75E4-46D0-8688-6687D112E6C9}.Release|Any CPU.ActiveCfg = Release|Any CPU
		{44933339-75E4-46D0-8688-6687D112E6C9}.Release|Any CPU.Build.0 = Release|Any CPU
		{4CABE35C-8941-43B4-AED8-2ADB6334469D}.Debug|Any CPU.ActiveCfg = Debug|Any CPU
		{4CABE35C-8941-43B4-AED8-2ADB6334469D}.Debug|Any CPU.Build.0 = Debug|Any CPU
		{4CABE35C-8941-43B4-AED8-2ADB6334469D}.Release|Any CPU.ActiveCfg = Release|Any CPU
		{4CABE35C-8941-43B4-AED8-2ADB6334469D}.Release|Any CPU.Build.0 = Release|Any CPU
		{8516E872-D7ED-4FD8-BBF6-9002B2329E86}.Debug|Any CPU.ActiveCfg = Debug|Any CPU
		{8516E872-D7ED-4FD8-BBF6-9002B2329E86}.Debug|Any CPU.Build.0 = Debug|Any CPU
		{8516E872-D7ED-4FD8-BBF6-9002B2329E86}.Release|Any CPU.ActiveCfg = Release|Any CPU
		{8516E872-D7ED-4FD8-BBF6-9002B2329E86}.Release|Any CPU.Build.0 = Release|Any CPU
		{7E3B8518-73DB-471A-B624-B2FD6D8CCB61}.Debug|Any CPU.ActiveCfg = Debug|Any CPU
		{7E3B8518-73DB-471A-B624-B2FD6D8CCB61}.Debug|Any CPU.Build.0 = Debug|Any CPU
		{7E3B8518-73DB-471A-B624-B2FD6D8CCB61}.Release|Any CPU.ActiveCfg = Release|Any CPU
		{7E3B8518-73DB-471A-B624-B2FD6D8CCB61}.Release|Any CPU.Build.0 = Release|Any CPU
		{FE505BEF-9319-4F93-A9D2-16CB721DBE44}.Debug|Any CPU.ActiveCfg = Debug|Any CPU
		{FE505BEF-9319-4F93-A9D2-16CB721DBE44}.Debug|Any CPU.Build.0 = Debug|Any CPU
		{FE505BEF-9319-4F93-A9D2-16CB721DBE44}.Release|Any CPU.ActiveCfg = Release|Any CPU
		{FE505BEF-9319-4F93-A9D2-16CB721DBE44}.Release|Any CPU.Build.0 = Release|Any CPU
		{1E7F4AE0-25A0-4C8C-9C0C-4C89DCB193F5}.Debug|Any CPU.ActiveCfg = Debug|Any CPU
		{1E7F4AE0-25A0-4C8C-9C0C-4C89DCB193F5}.Debug|Any CPU.Build.0 = Debug|Any CPU
		{1E7F4AE0-25A0-4C8C-9C0C-4C89DCB193F5}.Release|Any CPU.ActiveCfg = Release|Any CPU
		{1E7F4AE0-25A0-4C8C-9C0C-4C89DCB193F5}.Release|Any CPU.Build.0 = Release|Any CPU
		{21FAFF1E-B0D6-46E0-8EE3-1D7D1C67CBC8}.Debug|Any CPU.ActiveCfg = Debug|Any CPU
		{21FAFF1E-B0D6-46E0-8EE3-1D7D1C67CBC8}.Debug|Any CPU.Build.0 = Debug|Any CPU
		{21FAFF1E-B0D6-46E0-8EE3-1D7D1C67CBC8}.Release|Any CPU.ActiveCfg = Release|Any CPU
		{21FAFF1E-B0D6-46E0-8EE3-1D7D1C67CBC8}.Release|Any CPU.Build.0 = Release|Any CPU
		{91211959-EC26-4FC9-84A8-E8C924300BF7}.Debug|Any CPU.ActiveCfg = Debug|Any CPU
		{91211959-EC26-4FC9-84A8-E8C924300BF7}.Debug|Any CPU.Build.0 = Debug|Any CPU
		{91211959-EC26-4FC9-84A8-E8C924300BF7}.Release|Any CPU.ActiveCfg = Release|Any CPU
		{91211959-EC26-4FC9-84A8-E8C924300BF7}.Release|Any CPU.Build.0 = Release|Any CPU
	EndGlobalSection
	GlobalSection(SolutionProperties) = preSolution
		HideSolutionNode = FALSE
	EndGlobalSection
	GlobalSection(NestedProjects) = preSolution
		{25300DF5-472C-4D9B-898A-820577F2F9C7} = {FD4710D4-ECC2-452E-A7C6-0320AFAFF124}
		{D974DFA3-D12C-4D97-9886-43A94FDA79D1} = {FD4710D4-ECC2-452E-A7C6-0320AFAFF124}
		{0C348BC9-F8B2-4AEE-A32C-6E68CDD120C1} = {FD4710D4-ECC2-452E-A7C6-0320AFAFF124}
		{B5D6257C-DD75-4E7E-A779-EC9152AA6B28} = {0C348BC9-F8B2-4AEE-A32C-6E68CDD120C1}
		{48E8586E-CD6C-43B8-B353-0B3F3BDCDDCA} = {0C348BC9-F8B2-4AEE-A32C-6E68CDD120C1}
		{EC9DC3B3-C54D-4055-A553-63E757DF3E39} = {48E8586E-CD6C-43B8-B353-0B3F3BDCDDCA}
		{3C970CF6-DF19-4FD0-9BE3-F63EE72AC4CC} = {48E8586E-CD6C-43B8-B353-0B3F3BDCDDCA}
		{295E2764-401E-4604-8C2E-E20B99171705} = {48E8586E-CD6C-43B8-B353-0B3F3BDCDDCA}
		{7A5DDB5C-A126-4A4E-914E-87E7E54941DB} = {48E8586E-CD6C-43B8-B353-0B3F3BDCDDCA}
	EndGlobalSection
	GlobalSection(ExtensibilityGlobals) = postSolution
		SolutionGuid = {F18DBBE5-FCEE-4B50-AF9E-D01D5B871564}
	EndGlobalSection
EndGlobal
